
Microsoft Visual Studio Solution File, Format Version 12.00
# Visual Studio Version 16
VisualStudioVersion = 16.0.31911.196
MinimumVisualStudioVersion = 10.0.40219.1
Project("{FAE04EC0-301F-11D3-BF4B-00C04F79EFBC}") = "e-community-local", "e-community-local\e-community-local.csproj", "{1E6E7F43-53A2-4A4B-BE52-2C9E8D49659F}"
EndProject
Project("{FAE04EC0-301F-11D3-BF4B-00C04F79EFBC}") = "e-community-local-lib", "e-community-local-lib\e-community-local-lib.csproj", "{EE591CEF-5C84-4278-9DF4-AA514C338CDB}"
EndProject
Global
	GlobalSection(SolutionConfigurationPlatforms) = preSolution
		Debug|Any CPU = Debug|Any CPU
		Release|Any CPU = Release|Any CPU
	EndGlobalSection
	GlobalSection(ProjectConfigurationPlatforms) = postSolution
		{1E6E7F43-53A2-4A4B-BE52-2C9E8D49659F}.Debug|Any CPU.ActiveCfg = Debug|Any CPU
		{1E6E7F43-53A2-4A4B-BE52-2C9E8D49659F}.Debug|Any CPU.Build.0 = Debug|Any CPU
		{1E6E7F43-53A2-4A4B-BE52-2C9E8D49659F}.Release|Any CPU.ActiveCfg = Release|Any CPU
		{1E6E7F43-53A2-4A4B-BE52-2C9E8D49659F}.Release|Any CPU.Build.0 = Release|Any CPU
		{EE591CEF-5C84-4278-9DF4-AA514C338CDB}.Debug|Any CPU.ActiveCfg = Debug|Any CPU
		{EE591CEF-5C84-4278-9DF4-AA514C338CDB}.Debug|Any CPU.Build.0 = Debug|Any CPU
		{EE591CEF-5C84-4278-9DF4-AA514C338CDB}.Release|Any CPU.ActiveCfg = Release|Any CPU
		{EE591CEF-5C84-4278-9DF4-AA514C338CDB}.Release|Any CPU.Build.0 = Release|Any CPU
	EndGlobalSection
	GlobalSection(SolutionProperties) = preSolution
		HideSolutionNode = FALSE
	EndGlobalSection
	GlobalSection(ExtensibilityGlobals) = postSolution
		SolutionGuid = {96907513-533A-4C33-8ABA-2DDF3788E7ED}
	EndGlobalSection
EndGlobal
