
Microsoft Visual Studio Solution File, Format Version 12.00
# Visual Studio Version 16
VisualStudioVersion = 16.0.31624.102
MinimumVisualStudioVersion = 10.0.40219.1
Project("{9A19103F-16F7-4668-BE54-9A1E7A4F7556}") = "e-community-cloud", "e-community-cloud\e-community-cloud.csproj", "{70FECF99-096B-4E21-B718-912786D055DA}"
EndProject
Project("{FAE04EC0-301F-11D3-BF4B-00C04F79EFBC}") = "e-community-cloud-lib", "e-community-cloud-lib\e-community-cloud-lib.csproj", "{6574AC31-0D07-4D04-979C-04280412906E}"
EndProject
Global
	GlobalSection(SolutionConfigurationPlatforms) = preSolution
		Debug|Any CPU = Debug|Any CPU
		Release|Any CPU = Release|Any CPU
	EndGlobalSection
	GlobalSection(ProjectConfigurationPlatforms) = postSolution
		{70FECF99-096B-4E21-B718-912786D055DA}.Debug|Any CPU.ActiveCfg = Debug|Any CPU
		{70FECF99-096B-4E21-B718-912786D055DA}.Debug|Any CPU.Build.0 = Debug|Any CPU
		{70FECF99-096B-4E21-B718-912786D055DA}.Release|Any CPU.ActiveCfg = Release|Any CPU
		{70FECF99-096B-4E21-B718-912786D055DA}.Release|Any CPU.Build.0 = Release|Any CPU
		{6574AC31-0D07-4D04-979C-04280412906E}.Debug|Any CPU.ActiveCfg = Debug|Any CPU
		{6574AC31-0D07-4D04-979C-04280412906E}.Debug|Any CPU.Build.0 = Debug|Any CPU
		{6574AC31-0D07-4D04-979C-04280412906E}.Release|Any CPU.ActiveCfg = Release|Any CPU
		{6574AC31-0D07-4D04-979C-04280412906E}.Release|Any CPU.Build.0 = Release|Any CPU
	EndGlobalSection
	GlobalSection(SolutionProperties) = preSolution
		HideSolutionNode = FALSE
	EndGlobalSection
	GlobalSection(ExtensibilityGlobals) = postSolution
		SolutionGuid = {A6C7FE78-3FA5-4671-A69B-F6DC27B877DA}
	EndGlobalSection
EndGlobal
